
Microsoft Visual Studio Solution File, Format Version 12.00
# Visual Studio Version 17
VisualStudioVersion = 17.5.002.0
MinimumVisualStudioVersion = 10.0.40219.1
Project("{9A19103F-16F7-4668-BE54-9A1E7A4F7556}") = "dotnet-tutorial", "dotnet-tutorial.csproj", "{B058A011-AD40-4CF4-9740-52FE5A7799F8}"
EndProject
Global
	GlobalSection(SolutionConfigurationPlatforms) = preSolution
		Debug|Any CPU = Debug|Any CPU
		Release|Any CPU = Release|Any CPU
	EndGlobalSection
	GlobalSection(ProjectConfigurationPlatforms) = postSolution
		{B058A011-AD40-4CF4-9740-52FE5A7799F8}.Debug|Any CPU.ActiveCfg = Debug|Any CPU
		{B058A011-AD40-4CF4-9740-52FE5A7799F8}.Debug|Any CPU.Build.0 = Debug|Any CPU
		{B058A011-AD40-4CF4-9740-52FE5A7799F8}.Release|Any CPU.ActiveCfg = Release|Any CPU
		{B058A011-AD40-4CF4-9740-52FE5A7799F8}.Release|Any CPU.Build.0 = Release|Any CPU
	EndGlobalSection
	GlobalSection(SolutionProperties) = preSolution
		HideSolutionNode = FALSE
	EndGlobalSection
	GlobalSection(ExtensibilityGlobals) = postSolution
		SolutionGuid = {D261FD2E-0119-4EEB-A93F-B93FB30404AD}
	EndGlobalSection
EndGlobal
